
Microsoft Visual Studio Solution File, Format Version 12.00
# Visual Studio Version 16
VisualStudioVersion = 16.0.30804.86
MinimumVisualStudioVersion = 10.0.40219.1
Project("{2150E333-8FDC-42A3-9474-1A3956D46DE8}") = "src", "src", "{67CE87C5-2367-4BEE-852F-54E90D98A937}"
EndProject
Project("{2150E333-8FDC-42A3-9474-1A3956D46DE8}") = "tests", "tests", "{88CD8F08-8E44-4F94-87B3-515137F9FC8A}"
EndProject
Project("{9A19103F-16F7-4668-BE54-9A1E7A4F7556}") = "FXFinder.API", "src\FXFinder.API\FXFinder.API.csproj", "{C324C9F3-7021-433E-B668-5FD761FAE4D5}"
EndProject
Project("{9A19103F-16F7-4668-BE54-9A1E7A4F7556}") = "FXFinder.Core", "src\FXFinder.Core\FXFinder.Core.csproj", "{AE287038-59E6-4D36-8CAA-B08E6F2D49B8}"
EndProject
Global
	GlobalSection(SolutionConfigurationPlatforms) = preSolution
		Debug|Any CPU = Debug|Any CPU
		Release|Any CPU = Release|Any CPU
	EndGlobalSection
	GlobalSection(ProjectConfigurationPlatforms) = postSolution
		{C324C9F3-7021-433E-B668-5FD761FAE4D5}.Debug|Any CPU.ActiveCfg = Debug|Any CPU
		{C324C9F3-7021-433E-B668-5FD761FAE4D5}.Debug|Any CPU.Build.0 = Debug|Any CPU
		{C324C9F3-7021-433E-B668-5FD761FAE4D5}.Release|Any CPU.ActiveCfg = Release|Any CPU
		{C324C9F3-7021-433E-B668-5FD761FAE4D5}.Release|Any CPU.Build.0 = Release|Any CPU
		{AE287038-59E6-4D36-8CAA-B08E6F2D49B8}.Debug|Any CPU.ActiveCfg = Debug|Any CPU
		{AE287038-59E6-4D36-8CAA-B08E6F2D49B8}.Debug|Any CPU.Build.0 = Debug|Any CPU
		{AE287038-59E6-4D36-8CAA-B08E6F2D49B8}.Release|Any CPU.ActiveCfg = Release|Any CPU
		{AE287038-59E6-4D36-8CAA-B08E6F2D49B8}.Release|Any CPU.Build.0 = Release|Any CPU
	EndGlobalSection
	GlobalSection(SolutionProperties) = preSolution
		HideSolutionNode = FALSE
	EndGlobalSection
	GlobalSection(NestedProjects) = preSolution
		{C324C9F3-7021-433E-B668-5FD761FAE4D5} = {67CE87C5-2367-4BEE-852F-54E90D98A937}
		{AE287038-59E6-4D36-8CAA-B08E6F2D49B8} = {67CE87C5-2367-4BEE-852F-54E90D98A937}
	EndGlobalSection
	GlobalSection(ExtensibilityGlobals) = postSolution
		SolutionGuid = {149ABAD0-362F-46ED-AF88-18753220CC47}
	EndGlobalSection
EndGlobal
